
Microsoft Visual Studio Solution File, Format Version 12.00
# Visual Studio 15
VisualStudioVersion = 15.0.27004.2006
MinimumVisualStudioVersion = 10.0.40219.1
Project("{FAE04EC0-301F-11D3-BF4B-00C04F79EFBC}") = "Isengard.App", "Isengard.App\Isengard.App.csproj", "{2867F59A-3513-48A9-AAC9-97704EF0A071}"
EndProject
Project("{FAE04EC0-301F-11D3-BF4B-00C04F79EFBC}") = "Isengard.Test", "Isengard.Test\Isengard.Test.csproj", "{08E6448E-A4AE-4274-B52F-4D29C5B9FD0B}"
EndProject
Global
	GlobalSection(SolutionConfigurationPlatforms) = preSolution
		Debug|Any CPU = Debug|Any CPU
		Release|Any CPU = Release|Any CPU
	EndGlobalSection
	GlobalSection(ProjectConfigurationPlatforms) = postSolution
		{2867F59A-3513-48A9-AAC9-97704EF0A071}.Debug|Any CPU.ActiveCfg = Debug|Any CPU
		{2867F59A-3513-48A9-AAC9-97704EF0A071}.Debug|Any CPU.Build.0 = Debug|Any CPU
		{2867F59A-3513-48A9-AAC9-97704EF0A071}.Release|Any CPU.ActiveCfg = Release|Any CPU
		{2867F59A-3513-48A9-AAC9-97704EF0A071}.Release|Any CPU.Build.0 = Release|Any CPU
		{08E6448E-A4AE-4274-B52F-4D29C5B9FD0B}.Debug|Any CPU.ActiveCfg = Debug|Any CPU
		{08E6448E-A4AE-4274-B52F-4D29C5B9FD0B}.Debug|Any CPU.Build.0 = Debug|Any CPU
		{08E6448E-A4AE-4274-B52F-4D29C5B9FD0B}.Release|Any CPU.ActiveCfg = Release|Any CPU
		{08E6448E-A4AE-4274-B52F-4D29C5B9FD0B}.Release|Any CPU.Build.0 = Release|Any CPU
	EndGlobalSection
	GlobalSection(SolutionProperties) = preSolution
		HideSolutionNode = FALSE
	EndGlobalSection
	GlobalSection(ExtensibilityGlobals) = postSolution
		SolutionGuid = {2F7B6D6C-5E80-4FDF-B761-B222F49B8B84}
	EndGlobalSection
EndGlobal
